
Microsoft Visual Studio Solution File, Format Version 12.00
# Visual Studio Version 17
VisualStudioVersion = 17.7.34202.233
MinimumVisualStudioVersion = 10.0.40219.1
Project("{FAE04EC0-301F-11D3-BF4B-00C04F79EFBC}") = "CaseStudy", "CaseStudy.csproj", "{480A7DA7-8419-4E25-8449-9A0B1A9A016E}"
EndProject
Global
	GlobalSection(SolutionConfigurationPlatforms) = preSolution
		Debug|Any CPU = Debug|Any CPU
		Release|Any CPU = Release|Any CPU
	EndGlobalSection
	GlobalSection(ProjectConfigurationPlatforms) = postSolution
		{480A7DA7-8419-4E25-8449-9A0B1A9A016E}.Debug|Any CPU.ActiveCfg = Debug|Any CPU
		{480A7DA7-8419-4E25-8449-9A0B1A9A016E}.Debug|Any CPU.Build.0 = Debug|Any CPU
		{480A7DA7-8419-4E25-8449-9A0B1A9A016E}.Release|Any CPU.ActiveCfg = Release|Any CPU
		{480A7DA7-8419-4E25-8449-9A0B1A9A016E}.Release|Any CPU.Build.0 = Release|Any CPU
	EndGlobalSection
	GlobalSection(SolutionProperties) = preSolution
		HideSolutionNode = FALSE
	EndGlobalSection
	GlobalSection(ExtensibilityGlobals) = postSolution
		SolutionGuid = {ACC6F180-8CA2-4C23-8DA4-4721E7BAD34A}
	EndGlobalSection
EndGlobal
